
Microsoft Visual Studio Solution File, Format Version 12.00
# Visual Studio 15
VisualStudioVersion = 15.0.27004.2006
MinimumVisualStudioVersion = 10.0.40219.1
Project("{FAE04EC0-301F-11D3-BF4B-00C04F79EFBC}") = "NativeLanguage", "NativeLanguage\NativeLanguage.csproj", "{4F413295-650F-4907-8DAB-C599FC78555B}"
EndProject
Project("{FAE04EC0-301F-11D3-BF4B-00C04F79EFBC}") = "NativeLanguageCompiler", "NativeLanguageCompiler\NativeLanguageCompiler.csproj", "{8538A31B-6049-4816-9718-42FEE4C9A1B9}"
EndProject
Global
	GlobalSection(SolutionConfigurationPlatforms) = preSolution
		Debug|Any CPU = Debug|Any CPU
		Release|Any CPU = Release|Any CPU
	EndGlobalSection
	GlobalSection(ProjectConfigurationPlatforms) = postSolution
		{4F413295-650F-4907-8DAB-C599FC78555B}.Debug|Any CPU.ActiveCfg = Debug|Any CPU
		{4F413295-650F-4907-8DAB-C599FC78555B}.Debug|Any CPU.Build.0 = Debug|Any CPU
		{4F413295-650F-4907-8DAB-C599FC78555B}.Release|Any CPU.ActiveCfg = Release|Any CPU
		{4F413295-650F-4907-8DAB-C599FC78555B}.Release|Any CPU.Build.0 = Release|Any CPU
		{8538A31B-6049-4816-9718-42FEE4C9A1B9}.Debug|Any CPU.ActiveCfg = Debug|Any CPU
		{8538A31B-6049-4816-9718-42FEE4C9A1B9}.Debug|Any CPU.Build.0 = Debug|Any CPU
		{8538A31B-6049-4816-9718-42FEE4C9A1B9}.Release|Any CPU.ActiveCfg = Release|Any CPU
		{8538A31B-6049-4816-9718-42FEE4C9A1B9}.Release|Any CPU.Build.0 = Release|Any CPU
	EndGlobalSection
	GlobalSection(SolutionProperties) = preSolution
		HideSolutionNode = FALSE
	EndGlobalSection
	GlobalSection(ExtensibilityGlobals) = postSolution
		SolutionGuid = {A2F5DB7F-EEA7-49AF-B813-0892ABFF0C04}
	EndGlobalSection
EndGlobal
